<?xml version="1.0" encoding="utf-8"?>
<Project ToolsVersion="4.0" xmlns="http://schemas.microsoft.com/developer/msbuild/2003">
  <ItemGroup>
    <Filter Include="Source Files">
      <UniqueIdentifier>{4FC737F1-C7A5-4376-A066-2A32D752A2FF}</UniqueIdentifier>
      <Extensions>cpp;c;cc;cxx;def;odl;idl;hpj;bat;asm;asmx</Extensions>
    </Filter>
    <Filter Include="Header Files">
      <UniqueIdentifier>{93995380-89BD-4b04-88EB-625FBE52EBFB}</UniqueIdentifier>
      <Extensions>h;hh;hpp;hxx;hm;inl;inc;ipp;xsd</Extensions>
    </Filter>
    <Filter Include="Resource Files">
      <UniqueIdentifier>{67DA6AB6-F800-4c08-8B7A-83BB121AAD01}</UniqueIdentifier>
      <Extensions>rc;ico;cur;bmp;dlg;rc2;rct;bin;rgs;gif;jpg;jpeg;jpe;resx;tiff;tif;png;wav;mfcribbon-ms</Extensions>
    </Filter>
    <Filter Include="Header Files\ChartCtrl">
      <UniqueIdentifier>{5b77525d-be97-437c-b6bd-f29678200f3b}</UniqueIdentifier>
    </Filter>
    <Filter Include="Source Files\ChartCtrl">
      <UniqueIdentifier>{e37c513d-704d-49d2-8259-a8f68e4d02b2}</UniqueIdentifier>
    </Filter>
  </ItemGroup>
  <ItemGroup>
    <ClInclude Include="Detector_gui.h">
      <Filter>Header Files</Filter>
    </ClInclude>
    <ClInclude Include="Detector_guiDlg.h">
      <Filter>Header Files</Filter>
    </ClInclude>
    <ClInclude Include="stdafx.h">
      <Filter>Header Files</Filter>
    </ClInclude>
    <ClInclude Include="targetver.h">
      <Filter>Header Files</Filter>
    </ClInclude>
    <ClInclude Include="Resource.h">
      <Filter>Header Files</Filter>
    </ClInclude>
    <ClInclude Include="BtnST.h">
      <Filter>Header Files</Filter>
    </ClInclude>
    <ClInclude Include="CGdiPlusBitmap.h">
      <Filter>Header Files</Filter>
    </ClInclude>
    <ClInclude Include="ColorStaticST.h">
      <Filter>Header Files</Filter>
    </ClInclude>
    <ClInclude Include="ColorCheck.h">
      <Filter>Header Files</Filter>
    </ClInclude>
    <ClInclude Include="TransparentCheckBox.h">
      <Filter>Header Files</Filter>
    </ClInclude>
    <ClInclude Include="CDlgPopup.h">
      <Filter>Header Files</Filter>
    </ClInclude>
    <ClInclude Include="CDlgPlotGraph.h">
      <Filter>Header Files</Filter>
    </ClInclude>
    <ClInclude Include="ChartCtrl\ChartAxis.h">
      <Filter>Header Files\ChartCtrl</Filter>
    </ClInclude>
    <ClInclude Include="ChartCtrl\ChartAxisLabel.h">
      <Filter>Header Files\ChartCtrl</Filter>
    </ClInclude>
    <ClInclude Include="ChartCtrl\ChartBalloonLabel.h">
      <Filter>Header Files\ChartCtrl</Filter>
    </ClInclude>
    <ClInclude Include="ChartCtrl\ChartBarSerie.h">
      <Filter>Header Files\ChartCtrl</Filter>
    </ClInclude>
    <ClInclude Include="ChartCtrl\ChartCandlestickSerie.h">
      <Filter>Header Files\ChartCtrl</Filter>
    </ClInclude>
    <ClInclude Include="ChartCtrl\ChartCrossHairCursor.h">
      <Filter>Header Files\ChartCtrl</Filter>
    </ClInclude>
    <ClInclude Include="ChartCtrl\ChartCtrl.h">
      <Filter>Header Files\ChartCtrl</Filter>
    </ClInclude>
    <ClInclude Include="ChartCtrl\ChartCursor.h">
      <Filter>Header Files\ChartCtrl</Filter>
    </ClInclude>
    <ClInclude Include="ChartCtrl\ChartDateTimeAxis.h">
      <Filter>Header Files\ChartCtrl</Filter>
    </ClInclude>
    <ClInclude Include="ChartCtrl\ChartDragLineCursor.h">
      <Filter>Header Files\ChartCtrl</Filter>
    </ClInclude>
    <ClInclude Include="ChartCtrl\ChartFont.h">
      <Filter>Header Files\ChartCtrl</Filter>
    </ClInclude>
    <ClInclude Include="ChartCtrl\ChartGanttSerie.h">
      <Filter>Header Files\ChartCtrl</Filter>
    </ClInclude>
    <ClInclude Include="ChartCtrl\ChartGradient.h">
      <Filter>Header Files\ChartCtrl</Filter>
    </ClInclude>
    <ClInclude Include="ChartCtrl\ChartGrid.h">
      <Filter>Header Files\ChartCtrl</Filter>
    </ClInclude>
    <ClInclude Include="ChartCtrl\ChartLabel.h">
      <Filter>Header Files\ChartCtrl</Filter>
    </ClInclude>
    <ClInclude Include="ChartCtrl\ChartLegend.h">
      <Filter>Header Files\ChartCtrl</Filter>
    </ClInclude>
    <ClInclude Include="ChartCtrl\ChartLineSerie.h">
      <Filter>Header Files\ChartCtrl</Filter>
    </ClInclude>
    <ClInclude Include="ChartCtrl\ChartLogarithmicAxis.h">
      <Filter>Header Files\ChartCtrl</Filter>
    </ClInclude>
    <ClInclude Include="ChartCtrl\ChartMouseListener.h">
      <Filter>Header Files\ChartCtrl</Filter>
    </ClInclude>
    <ClInclude Include="ChartCtrl\ChartPointsArray.h">
      <Filter>Header Files\ChartCtrl</Filter>
    </ClInclude>
    <ClInclude Include="ChartCtrl\ChartPointsSerie.h">
      <Filter>Header Files\ChartCtrl</Filter>
    </ClInclude>
    <ClInclude Include="ChartCtrl\ChartScrollBar.h">
      <Filter>Header Files\ChartCtrl</Filter>
    </ClInclude>
    <ClInclude Include="ChartCtrl\ChartSerie.h">
      <Filter>Header Files\ChartCtrl</Filter>
    </ClInclude>
    <ClInclude Include="ChartCtrl\ChartSerieBase.h">
      <Filter>Header Files\ChartCtrl</Filter>
    </ClInclude>
    <ClInclude Include="ChartCtrl\ChartSeriesMouseListener.h">
      <Filter>Header Files\ChartCtrl</Filter>
    </ClInclude>
    <ClInclude Include="ChartCtrl\ChartStandardAxis.h">
      <Filter>Header Files\ChartCtrl</Filter>
    </ClInclude>
    <ClInclude Include="ChartCtrl\ChartString.h">
      <Filter>Header Files\ChartCtrl</Filter>
    </ClInclude>
    <ClInclude Include="ChartCtrl\ChartSurfaceSerie.h">
      <Filter>Header Files\ChartCtrl</Filter>
    </ClInclude>
    <ClInclude Include="ChartCtrl\ChartTitle.h">
      <Filter>Header Files\ChartCtrl</Filter>
    </ClInclude>
    <ClInclude Include="ChartCtrl\ChartXYSerie.h">
      <Filter>Header Files\ChartCtrl</Filter>
    </ClInclude>
    <ClInclude Include="ChartCtrl\PointsOrdering.h">
      <Filter>Header Files\ChartCtrl</Filter>
    </ClInclude>
    <ClInclude Include="CDlgSetup.h">
      <Filter>Header Files</Filter>
    </ClInclude>
    <ClInclude Include="Settings.h">
      <Filter>Header Files</Filter>
    </ClInclude>
    <ClInclude Include="IniEx.h">
      <Filter>Header Files</Filter>
    </ClInclude>
    <ClInclude Include="CDlgCalCellPopup.h">
      <Filter>Header Files</Filter>
    </ClInclude>
    <ClInclude Include="CDlgPopBase.h">
      <Filter>Header Files</Filter>
    </ClInclude>
    <ClInclude Include="CDlgCalPassFail.h">
      <Filter>Header Files</Filter>
    </ClInclude>
    <ClInclude Include="CDlgStabilizing.h">
      <Filter>Header Files</Filter>
    </ClInclude>
    <ClInclude Include="CDlgSaveFileMsg.h">
      <Filter>Header Files</Filter>
    </ClInclude>
    <ClInclude Include="CDlgSurveyName.h">
      <Filter>Header Files</Filter>
    </ClInclude>
    <ClInclude Include="CDlgGpsFix.h">
      <Filter>Header Files</Filter>
    </ClInclude>
    <ClInclude Include="CDlgSurveyKmlSave.h">
      <Filter>Header Files</Filter>
    </ClInclude>
    <ClInclude Include="CDlgAlarm.h">
      <Filter>Header Files</Filter>
    </ClInclude>
    <ClInclude Include="TransparentSlider.h">
      <Filter>Header Files</Filter>
    </ClInclude>
    <ClInclude Include="CDlgExportKml.h">
      <Filter>Header Files</Filter>
    </ClInclude>
    <ClInclude Include="CDlgMessageBox.h">
      <Filter>Header Files</Filter>
    </ClInclude>
    <ClInclude Include="CBlueTooth.h">
      <Filter>Header Files</Filter>
    </ClInclude>
    <ClInclude Include="SerialGPS.h">
      <Filter>Header Files</Filter>
    </ClInclude>
    <ClInclude Include="GPSInfo.h">
      <Filter>Header Files</Filter>
    </ClInclude>
    <ClInclude Include="NMEAParser.h">
      <Filter>Header Files</Filter>
    </ClInclude>
    <ClInclude Include="Profiler.h">
      <Filter>Header Files</Filter>
    </ClInclude>
    <ClInclude Include="CDlgBluetoothData.h">
      <Filter>Header Files</Filter>
    </ClInclude>
    <ClInclude Include="CPleaseWaitDlg.h">
      <Filter>Header Files</Filter>
    </ClInclude>
    <ClInclude Include="CDlgSelectBT.h">
      <Filter>Header Files</Filter>
    </ClInclude>
  </ItemGroup>
  <ItemGroup>
    <ClCompile Include="Detector_gui.cpp">
      <Filter>Source Files</Filter>
    </ClCompile>
    <ClCompile Include="Detector_guiDlg.cpp">
      <Filter>Source Files</Filter>
    </ClCompile>
    <ClCompile Include="stdafx.cpp">
      <Filter>Source Files</Filter>
    </ClCompile>
    <ClCompile Include="BtnST.cpp">
      <Filter>Source Files</Filter>
    </ClCompile>
    <ClCompile Include="ColorStaticST.cpp">
      <Filter>Source Files</Filter>
    </ClCompile>
    <ClCompile Include="ColorCheck.cpp">
      <Filter>Source Files</Filter>
    </ClCompile>
    <ClCompile Include="TransparentCheckBox.cpp">
      <Filter>Source Files</Filter>
    </ClCompile>
    <ClCompile Include="CDlgPopup.cpp">
      <Filter>Source Files</Filter>
    </ClCompile>
    <ClCompile Include="CDlgPlotGraph.cpp">
      <Filter>Source Files</Filter>
    </ClCompile>
    <ClCompile Include="ChartCtrl\ChartCtrl.cpp">
      <Filter>Source Files\ChartCtrl</Filter>
    </ClCompile>
    <ClCompile Include="ChartCtrl\ChartAxis.cpp">
      <Filter>Source Files\ChartCtrl</Filter>
    </ClCompile>
    <ClCompile Include="ChartCtrl\ChartCursor.cpp">
      <Filter>Source Files\ChartCtrl</Filter>
    </ClCompile>
    <ClCompile Include="ChartCtrl\ChartDateTimeAxis.cpp">
      <Filter>Source Files\ChartCtrl</Filter>
    </ClCompile>
    <ClCompile Include="ChartCtrl\ChartGradient.cpp">
      <Filter>Source Files\ChartCtrl</Filter>
    </ClCompile>
    <ClCompile Include="ChartCtrl\ChartGrid.cpp">
      <Filter>Source Files\ChartCtrl</Filter>
    </ClCompile>
    <ClCompile Include="ChartCtrl\ChartLegend.cpp">
      <Filter>Source Files\ChartCtrl</Filter>
    </ClCompile>
    <ClCompile Include="ChartCtrl\ChartStandardAxis.cpp">
      <Filter>Source Files\ChartCtrl</Filter>
    </ClCompile>
    <ClCompile Include="ChartCtrl\ChartTitle.cpp">
      <Filter>Source Files\ChartCtrl</Filter>
    </ClCompile>
    <ClCompile Include="ChartCtrl\ChartAxisLabel.cpp">
      <Filter>Source Files\ChartCtrl</Filter>
    </ClCompile>
    <ClCompile Include="ChartCtrl\ChartScrollBar.cpp">
      <Filter>Source Files\ChartCtrl</Filter>
    </ClCompile>
    <ClCompile Include="ChartCtrl\ChartFont.cpp">
      <Filter>Source Files\ChartCtrl</Filter>
    </ClCompile>
    <ClCompile Include="ChartCtrl\ChartLineSerie.cpp">
      <Filter>Source Files\ChartCtrl</Filter>
    </ClCompile>
    <ClCompile Include="ChartCtrl\ChartSerie.cpp">
      <Filter>Source Files\ChartCtrl</Filter>
    </ClCompile>
    <ClCompile Include="ChartCtrl\ChartSurfaceSerie.cpp">
      <Filter>Source Files\ChartCtrl</Filter>
    </ClCompile>
    <ClCompile Include="ChartCtrl\ChartBarSerie.cpp">
      <Filter>Source Files\ChartCtrl</Filter>
    </ClCompile>
    <ClCompile Include="ChartCtrl\ChartLogarithmicAxis.cpp">
      <Filter>Source Files\ChartCtrl</Filter>
    </ClCompile>
    <ClCompile Include="ChartCtrl\ChartDragLineCursor.cpp">
      <Filter>Source Files\ChartCtrl</Filter>
    </ClCompile>
    <ClCompile Include="ChartCtrl\ChartPointsSerie.cpp">
      <Filter>Source Files\ChartCtrl</Filter>
    </ClCompile>
    <ClCompile Include="ChartCtrl\ChartXYSerie.cpp">
      <Filter>Source Files\ChartCtrl</Filter>
    </ClCompile>
    <ClCompile Include="ChartCtrl\ChartCandlestickSerie.cpp">
      <Filter>Source Files\ChartCtrl</Filter>
    </ClCompile>
    <ClCompile Include="ChartCtrl\ChartCrossHairCursor.cpp">
      <Filter>Source Files\ChartCtrl</Filter>
    </ClCompile>
    <ClCompile Include="ChartCtrl\ChartGanttSerie.cpp">
      <Filter>Source Files\ChartCtrl</Filter>
    </ClCompile>
    <ClCompile Include="CDlgSetup.cpp">
      <Filter>Source Files</Filter>
    </ClCompile>
    <ClCompile Include="Settings.cpp">
      <Filter>Source Files</Filter>
    </ClCompile>
    <ClCompile Include="IniEx.cpp">
      <Filter>Source Files</Filter>
    </ClCompile>
    <ClCompile Include="CDlgCalCellPopup.cpp">
      <Filter>Source Files</Filter>
    </ClCompile>
    <ClCompile Include="CDlgPopBase.cpp">
      <Filter>Source Files</Filter>
    </ClCompile>
    <ClCompile Include="CDlgCalPassFail.cpp">
      <Filter>Source Files</Filter>
    </ClCompile>
    <ClCompile Include="CDlgStabilizing.cpp">
      <Filter>Source Files</Filter>
    </ClCompile>
    <ClCompile Include="CDlgSaveFileMsg.cpp">
      <Filter>Source Files</Filter>
    </ClCompile>
    <ClCompile Include="CDlgSurveyName.cpp">
      <Filter>Source Files</Filter>
    </ClCompile>
    <ClCompile Include="CDlgGpsFix.cpp">
      <Filter>Source Files</Filter>
    </ClCompile>
    <ClCompile Include="CDlgSurveyKmlSave.cpp">
      <Filter>Source Files</Filter>
    </ClCompile>
    <ClCompile Include="CDlgAlarm.cpp">
      <Filter>Source Files</Filter>
    </ClCompile>
    <ClCompile Include="TransparentSlider.cpp">
      <Filter>Source Files</Filter>
    </ClCompile>
    <ClCompile Include="CDlgExportKml.cpp">
      <Filter>Source Files</Filter>
    </ClCompile>
    <ClCompile Include="CDlgMessageBox.cpp">
      <Filter>Source Files</Filter>
    </ClCompile>
    <ClCompile Include="CBlueTooth.cpp">
      <Filter>Source Files</Filter>
    </ClCompile>
    <ClCompile Include="SerialGPS.cpp">
      <Filter>Source Files</Filter>
    </ClCompile>
    <ClCompile Include="GPSInfo.cpp">
      <Filter>Source Files</Filter>
    </ClCompile>
    <ClCompile Include="NMEAParser.cpp">
      <Filter>Source Files</Filter>
    </ClCompile>
    <ClCompile Include="Profiler.cpp">
      <Filter>Source Files</Filter>
    </ClCompile>
    <ClCompile Include="CDlgBluetoothData.cpp">
      <Filter>Source Files</Filter>
    </ClCompile>
    <ClCompile Include="CPleaseWaitDlg.cpp">
      <Filter>Source Files</Filter>
    </ClCompile>
    <ClCompile Include="CDlgSelectBT.cpp">
      <Filter>Source Files</Filter>
    </ClCompile>
    <ClCompile Include="EnumDevices.cpp">
      <Filter>Source Files</Filter>
    </ClCompile>
  </ItemGroup>
  <ItemGroup>
    <ResourceCompile Include="Detectorgui.rc">
      <Filter>Resource Files</Filter>
    </ResourceCompile>
  </ItemGroup>
  <ItemGroup>
    <None Include="res\Detectorgui.rc2">
      <Filter>Resource Files</Filter>
    </None>
    <None Include="res\pgn1.bin">
      <Filter>Resource Files</Filter>
    </None>
    <None Include="ChartCtrl\ChartSerieBase.inl">
      <Filter>Source Files\ChartCtrl</Filter>
    </None>
  </ItemGroup>
  <ItemGroup>
    <Image Include="res\Detector_gui.ico">
      <Filter>Resource Files</Filter>
    </Image>
    <Image Include="res\png1.png">
      <Filter>Resource Files</Filter>
    </Image>
    <Image Include="res\Full BT Logo.png">
      <Filter>Resource Files</Filter>
    </Image>
    <Image Include="res\png2.png">
      <Filter>Resource Files</Filter>
    </Image>
    <Image Include="res\FullBTLogo.png">
      <Filter>Resource Files</Filter>
    </Image>
    <Image Include="res\open.ico">
      <Filter>Resource Files</Filter>
    </Image>
    <Image Include="res\open32.ico">
      <Filter>Resource Files</Filter>
    </Image>
    <Image Include="res\Bascom-Turner.ico">
      <Filter>Resource Files</Filter>
    </Image>
    <Image Include="res\bitmap1.bmp">
      <Filter>Resource Files</Filter>
    </Image>
    <Image Include="res\bitmap_2.bmp">
      <Filter>Resource Files</Filter>
    </Image>
    <Image Include="res\bitmap_3.bmp">
      <Filter>Resource Files</Filter>
    </Image>
    <Image Include="res\bitmap_4.bmp">
      <Filter>Resource Files</Filter>
    </Image>
    <Image Include="res\bitmap_5.bmp">
      <Filter>Resource Files</Filter>
    </Image>
    <Image Include="res\bitmap_6.bmp">
      <Filter>Resource Files</Filter>
    </Image>
    <Image Include="res\bitmap_7.bmp">
      <Filter>Resource Files</Filter>
    </Image>
    <Image Include="res\bitmap_8.bmp">
      <Filter>Resource Files</Filter>
    </Image>
    <Image Include="res\bitmap_9.bmp">
      <Filter>Resource Files</Filter>
    </Image>
    <Image Include="res\bitmap_1.bmp">
      <Filter>Resource Files</Filter>
    </Image>
    <Image Include="res\bitmap_0.bmp">
      <Filter>Resource Files</Filter>
    </Image>
    <Image Include="res\bitmapX.bmp">
      <Filter>Resource Files</Filter>
    </Image>
    <Image Include="res\bitmap_Check.bmp">
      <Filter>Resource Files</Filter>
    </Image>
    <Image Include="res\bmpBell.bmp">
      <Filter>Resource Files</Filter>
    </Image>
    <Image Include="res\bitmap_x.bmp">
      <Filter>Resource Files</Filter>
    </Image>
    <Image Include="res\bitmap_button_test.bmp">
      <Filter>Resource Files</Filter>
    </Image>
  </ItemGroup>
</Project>